
Microsoft Visual Studio Solution File, Format Version 12.00
# Visual Studio Version 17
VisualStudioVersion = 17.13.35919.96
MinimumVisualStudioVersion = 10.0.40219.1
Project("{FAE04EC0-301F-11D3-BF4B-00C04F79EFBC}") = "EmployeeAssignmentsRevived", "EmployeeAssignmentsRevived.csproj", "{ACA547C8-ABCD-491C-8A90-5B93A3F15809}"
EndProject
Global
	GlobalSection(SolutionConfigurationPlatforms) = preSolution
		Debug|Any CPU = Debug|Any CPU
		Release|Any CPU = Release|Any CPU
	EndGlobalSection
	GlobalSection(ProjectConfigurationPlatforms) = postSolution
		{ACA547C8-ABCD-491C-8A90-5B93A3F15809}.Debug|Any CPU.ActiveCfg = Debug|Any CPU
		{ACA547C8-ABCD-491C-8A90-5B93A3F15809}.Debug|Any CPU.Build.0 = Debug|Any CPU
		{ACA547C8-ABCD-491C-8A90-5B93A3F15809}.Release|Any CPU.ActiveCfg = Release|Any CPU
		{ACA547C8-ABCD-491C-8A90-5B93A3F15809}.Release|Any CPU.Build.0 = Release|Any CPU
	EndGlobalSection
	GlobalSection(SolutionProperties) = preSolution
		HideSolutionNode = FALSE
	EndGlobalSection
	GlobalSection(ExtensibilityGlobals) = postSolution
		SolutionGuid = {9F6DCD1B-EA75-472D-A13E-6D532B783243}
	EndGlobalSection
EndGlobal
